
Microsoft Visual Studio Solution File, Format Version 12.00
# Visual Studio 14
VisualStudioVersion = 14.0.25420.1
MinimumVisualStudioVersion = 10.0.40219.1
Project("{FAE04EC0-301F-11D3-BF4B-00C04F79EFBC}") = "yearstosomething", "yearstosomething\yearstosomething.csproj", "{F4AE4683-8372-4903-B7B7-BD4C39795883}"
EndProject
Project("{FAE04EC0-301F-11D3-BF4B-00C04F79EFBC}") = "CircleArea12digits", "CircleArea12digits\CircleArea12digits.csproj", "{2C06E02B-9ADB-4F12-A1F1-B6B51AACDE29}"
EndProject
Project("{FAE04EC0-301F-11D3-BF4B-00C04F79EFBC}") = "ExactSumNumbers", "ExactSumNumbers\ExactSumNumbers.csproj", "{38F01630-69C9-4575-A1BE-10DD5C2434EE}"
EndProject
Project("{FAE04EC0-301F-11D3-BF4B-00C04F79EFBC}") = "4Eleveator", "4Eleveator\4Eleveator.csproj", "{FCD1C01D-AE57-4915-87C5-6A50DE575F2E}"
EndProject
Project("{FAE04EC0-301F-11D3-BF4B-00C04F79EFBC}") = "SpecialNumber", "SpecialNumber\SpecialNumber.csproj", "{FB84FB58-0A77-4F4A-A45D-0FB0419D5B17}"
EndProject
Project("{FAE04EC0-301F-11D3-BF4B-00C04F79EFBC}") = "MagickLetters", "MagickLetters\MagickLetters.csproj", "{57495A46-5487-447A-8ACB-44C138FD209A}"
EndProject
Global
	GlobalSection(SolutionConfigurationPlatforms) = preSolution
		Debug|Any CPU = Debug|Any CPU
		Release|Any CPU = Release|Any CPU
	EndGlobalSection
	GlobalSection(ProjectConfigurationPlatforms) = postSolution
		{F4AE4683-8372-4903-B7B7-BD4C39795883}.Debug|Any CPU.ActiveCfg = Debug|Any CPU
		{F4AE4683-8372-4903-B7B7-BD4C39795883}.Debug|Any CPU.Build.0 = Debug|Any CPU
		{F4AE4683-8372-4903-B7B7-BD4C39795883}.Release|Any CPU.ActiveCfg = Release|Any CPU
		{F4AE4683-8372-4903-B7B7-BD4C39795883}.Release|Any CPU.Build.0 = Release|Any CPU
		{2C06E02B-9ADB-4F12-A1F1-B6B51AACDE29}.Debug|Any CPU.ActiveCfg = Debug|Any CPU
		{2C06E02B-9ADB-4F12-A1F1-B6B51AACDE29}.Debug|Any CPU.Build.0 = Debug|Any CPU
		{2C06E02B-9ADB-4F12-A1F1-B6B51AACDE29}.Release|Any CPU.ActiveCfg = Release|Any CPU
		{2C06E02B-9ADB-4F12-A1F1-B6B51AACDE29}.Release|Any CPU.Build.0 = Release|Any CPU
		{38F01630-69C9-4575-A1BE-10DD5C2434EE}.Debug|Any CPU.ActiveCfg = Debug|Any CPU
		{38F01630-69C9-4575-A1BE-10DD5C2434EE}.Debug|Any CPU.Build.0 = Debug|Any CPU
		{38F01630-69C9-4575-A1BE-10DD5C2434EE}.Release|Any CPU.ActiveCfg = Release|Any CPU
		{38F01630-69C9-4575-A1BE-10DD5C2434EE}.Release|Any CPU.Build.0 = Release|Any CPU
		{FCD1C01D-AE57-4915-87C5-6A50DE575F2E}.Debug|Any CPU.ActiveCfg = Debug|Any CPU
		{FCD1C01D-AE57-4915-87C5-6A50DE575F2E}.Debug|Any CPU.Build.0 = Debug|Any CPU
		{FCD1C01D-AE57-4915-87C5-6A50DE575F2E}.Release|Any CPU.ActiveCfg = Release|Any CPU
		{FCD1C01D-AE57-4915-87C5-6A50DE575F2E}.Release|Any CPU.Build.0 = Release|Any CPU
		{FB84FB58-0A77-4F4A-A45D-0FB0419D5B17}.Debug|Any CPU.ActiveCfg = Debug|Any CPU
		{FB84FB58-0A77-4F4A-A45D-0FB0419D5B17}.Debug|Any CPU.Build.0 = Debug|Any CPU
		{FB84FB58-0A77-4F4A-A45D-0FB0419D5B17}.Release|Any CPU.ActiveCfg = Release|Any CPU
		{FB84FB58-0A77-4F4A-A45D-0FB0419D5B17}.Release|Any CPU.Build.0 = Release|Any CPU
		{57495A46-5487-447A-8ACB-44C138FD209A}.Debug|Any CPU.ActiveCfg = Debug|Any CPU
		{57495A46-5487-447A-8ACB-44C138FD209A}.Debug|Any CPU.Build.0 = Debug|Any CPU
		{57495A46-5487-447A-8ACB-44C138FD209A}.Release|Any CPU.ActiveCfg = Release|Any CPU
		{57495A46-5487-447A-8ACB-44C138FD209A}.Release|Any CPU.Build.0 = Release|Any CPU
	EndGlobalSection
	GlobalSection(SolutionProperties) = preSolution
		HideSolutionNode = FALSE
	EndGlobalSection
EndGlobal
